version: 1
targets:
  default:
    documents:
      019f5a2c-4a59-77aa-96ad-70f3719c2d1e:
        sourcePath: docs/hello-world.md
        pageId: "44040193"
        parentPageId: "39223464"
        pageVersion: 1
        sourceCommit: ca7d339e9bfcd290ee7e92e10d83530847fcb33f
        sourceContentHash: sha256:0e800c2aeaa6f839546947c8d3db4859ab6f16cba1ebde5cf531deb591e9c343
        renderedBodyHash: d97393227eee28ee051125f9327bbef609a39e98c28e8877782770cfc9e81cb2
        remoteBodyHash: sha256:3877857d18d252b4c1e3243ccb53ea7781d14f545c39a4b51ae8f14b28f6a31a
        attachmentHashes: {}
        operationId: op_019f5b3a-a3f0-7233-992b-5069226ba247
        synchronizedAt: 2026-07-13T11:26:38.942Z
        toolVersion: 0.4.1
      019f5a2c-4a89-725f-aa59-9015713a0354:
        sourcePath: docs/team-guide.md
        pageId: "44105729"
        parentPageId: "39223464"
        pageVersion: 1
        sourceCommit: ca7d339e9bfcd290ee7e92e10d83530847fcb33f
        sourceContentHash: sha256:ef3a13a8d0493d0fa6220297264dce2cf94ce042a92107fc0ea926e4fe503e1a
        renderedBodyHash: f195c0f9eed22f8c985990789194919c400986c91b459d5c23ee85b3b88e51a3
        remoteBodyHash: sha256:227ff4bc4e86f797a6b3674adbd0654ee3c1f0d0c210a2206fe596a0bf246550
        attachmentHashes: {}
        operationId: op_019f5b3a-a3f0-7233-992b-5069226ba247
        synchronizedAt: 2026-07-13T11:26:40.662Z
        toolVersion: 0.4.1
