version: 1
targets:
  default:
    documents:
      019f5a2c-4a59-77aa-96ad-70f3719c2d1e:
        sourcePath: docs/hello-world.md
        pageId: "45088775"
        parentPageId: "39223464"
        pageVersion: 2
        sourceCommit: f326ef95eec8f6d40117a31bdca1040627eeb52b
        sourceContentHash: sha256:8ddc61796dbcab48f3964960d89ad1c080f07affbf8df50a8280753e7dc9c8f3
        renderedBodyHash: 7c0f8bc32e6ad85b6de113869966b131fab1b68545152c5a879b7cc558fe5cd8
        remoteBodyHash: sha256:33b42535fe2b41d5aa8d380080d0d5cb90fd750e6437cd537083f48c26485e22
        attachmentHashes:
          marksync-mermaid-528fe6cfa91fe4ba203a4463177f9e0220ba7cf8903e38c53d6ba1451ce58aeb.svg: 528fe6cfa91fe4ba203a4463177f9e0220ba7cf8903e38c53d6ba1451ce58aeb
        operationId: op_019f5d75-e72f-71aa-b69e-336a7fcb1587
        synchronizedAt: 2026-07-13T21:50:36.956Z
        toolVersion: 0.4.1
      019f5a2c-4a89-725f-aa59-9015713a0354:
        sourcePath: docs/team-guide.md
        pageId: "44990477"
        parentPageId: "39223464"
        pageVersion: 1
        sourceCommit: ea767319010b1b76ef1d2496c5fc865966e3a778
        sourceContentHash: sha256:ef3a13a8d0493d0fa6220297264dce2cf94ce042a92107fc0ea926e4fe503e1a
        renderedBodyHash: 7fdfaf7ed8c82f1b311d1ef902ec6ecf4a0d4c042d7d8103c3e77dc607933fd2
        remoteBodyHash: sha256:4772ec10692393b83d82305bdc8215f88b81f0714573c8a87d5874bce0bae62a
        attachmentHashes:
          marksync-mermaid-c9f06a4a57f283f3129de42a927b29afe5a2dea6a4e8dce0c81ae90c69a31a74.svg: c9f06a4a57f283f3129de42a927b29afe5a2dea6a4e8dce0c81ae90c69a31a74
        operationId: op_019f5d75-b931-706f-8bd4-e9426b4f3d89
        synchronizedAt: 2026-07-13T21:50:29.673Z
        toolVersion: 0.4.1
      019f5d75-f2a8-77dd-b42e-e1fd0c2dd392:
        sourcePath: docs/demo-page.md
        pageId: "44400656"
        parentPageId: "39223464"
        pageVersion: 1
        sourceCommit: 3375b19558596e02914152549cffcf508f93797a
        sourceContentHash: sha256:26839a78669a42f652e659a740d43cbda3c024c06fa2c71e55e1e21c184fb199
        renderedBodyHash: 186a2e1bef990a8fa5f97c3578b51b18a01f01cca8b5fbed6fcd0731ec698a08
        remoteBodyHash: sha256:86d9e3054ce64533b3057ef3fd36aff0ccab35b3a2dc41d5be6ea1bc6e898c69
        attachmentHashes: {}
        operationId: op_019f5d75-fd48-7429-b704-9e881e589026
        synchronizedAt: 2026-07-13T21:50:42.478Z
        toolVersion: 0.4.1
